
Microsoft Visual Studio Solution File, Format Version 12.00
# Visual Studio Version 17
VisualStudioVersion = 17.1.32407.343
MinimumVisualStudioVersion = 10.0.40219.1
Project("{FAE04EC0-301F-11D3-BF4B-00C04F79EFBC}") = "MoviesApi", "MoviesApi.csproj", "{11E973FF-F441-4FAD-B603-26DCC8307993}"
EndProject
Global
	GlobalSection(SolutionConfigurationPlatforms) = preSolution
		Debug|Any CPU = Debug|Any CPU
		Release|Any CPU = Release|Any CPU
	EndGlobalSection
	GlobalSection(ProjectConfigurationPlatforms) = postSolution
		{11E973FF-F441-4FAD-B603-26DCC8307993}.Debug|Any CPU.ActiveCfg = Debug|Any CPU
		{11E973FF-F441-4FAD-B603-26DCC8307993}.Debug|Any CPU.Build.0 = Debug|Any CPU
		{11E973FF-F441-4FAD-B603-26DCC8307993}.Release|Any CPU.ActiveCfg = Release|Any CPU
		{11E973FF-F441-4FAD-B603-26DCC8307993}.Release|Any CPU.Build.0 = Release|Any CPU
	EndGlobalSection
	GlobalSection(SolutionProperties) = preSolution
		HideSolutionNode = FALSE
	EndGlobalSection
	GlobalSection(ExtensibilityGlobals) = postSolution
		SolutionGuid = {BC172BA8-D8E2-418B-BDF8-87A6F587759C}
	EndGlobalSection
EndGlobal
